// !$*UTF8*$!
{
	archiveVersion = 1;
	classes = {
	};
	objectVersion = 50;
	objects = {

/* Begin PBXBuildFile section */
		3607C5AEF4AAEBD9C0C7EFE7 /* Pods_PropertiesAppUITests.framework in Frameworks */ = {isa = PBXBuildFile; fileRef = 635F97863CDB1002A791F36B /* Pods_PropertiesAppUITests.framework */; };
		508D16293E4738D56D9FA868 /* Pods_PropertiesAppTests.framework in Frameworks */ = {isa = PBXBuildFile; fileRef = 595802C045E3678219CC8E90 /* Pods_PropertiesAppTests.framework */; };
		57AE9F24FD6C9D3EFA8FA46D /* Pods_PropertiesApp.framework in Frameworks */ = {isa = PBXBuildFile; fileRef = 75D3DA4B213536F261405DF3 /* Pods_PropertiesApp.framework */; };
		9A8A861C22C1CAA700E9D2AC /* AppDelegate.swift in Sources */ = {isa = PBXBuildFile; fileRef = 9A8A861B22C1CAA700E9D2AC /* AppDelegate.swift */; };
		9A8A862322C1CAA800E9D2AC /* Assets.xcassets in Resources */ = {isa = PBXBuildFile; fileRef = 9A8A862222C1CAA800E9D2AC /* Assets.xcassets */; };
		9A8A863122C1CAA800E9D2AC /* PropertiesAppTests.swift in Sources */ = {isa = PBXBuildFile; fileRef = 9A8A863022C1CAA800E9D2AC /* PropertiesAppTests.swift */; };
		9A8A863C22C1CAA800E9D2AC /* PropertiesAppUITests.swift in Sources */ = {isa = PBXBuildFile; fileRef = 9A8A863B22C1CAA800E9D2AC /* PropertiesAppUITests.swift */; };
		9AF010FE22C1CD1900E5220D /* Login.storyboard in Resources */ = {isa = PBXBuildFile; fileRef = 9AF010FB22C1CD1900E5220D /* Login.storyboard */; };
		9AF010FF22C1CD1900E5220D /* LoginViewController.swift in Sources */ = {isa = PBXBuildFile; fileRef = 9AF010FC22C1CD1900E5220D /* LoginViewController.swift */; };
		9AF0110022C1CD1900E5220D /* LoginPresenter.swift in Sources */ = {isa = PBXBuildFile; fileRef = 9AF010FD22C1CD1900E5220D /* LoginPresenter.swift */; };
		9AF0110322C1CD5700E5220D /* SegueConstants.swift in Sources */ = {isa = PBXBuildFile; fileRef = 9AF0110222C1CD5700E5220D /* SegueConstants.swift */; };
		9AF0110522C1CDE100E5220D /* ViewController.swift in Sources */ = {isa = PBXBuildFile; fileRef = 9AF0110422C1CDE100E5220D /* ViewController.swift */; };
		9AF0110922C1D4C900E5220D /* ApiLogin.swift in Sources */ = {isa = PBXBuildFile; fileRef = 9AF0110822C1D4C900E5220D /* ApiLogin.swift */; };
		9AF0110B22C1D54900E5220D /* ApiConstants.swift in Sources */ = {isa = PBXBuildFile; fileRef = 9AF0110A22C1D54900E5220D /* ApiConstants.swift */; };
		9AF0110E22C1D5E200E5220D /* LoginRequestParamApi.swift in Sources */ = {isa = PBXBuildFile; fileRef = 9AF0110D22C1D5E200E5220D /* LoginRequestParamApi.swift */; };
		9AF0111022C1D78200E5220D /* Api.swift in Sources */ = {isa = PBXBuildFile; fileRef = 9AF0110F22C1D78200E5220D /* Api.swift */; };
		9AF0111322C1D9F300E5220D /* BaseApiDAO.swift in Sources */ = {isa = PBXBuildFile; fileRef = 9AF0111222C1D9F300E5220D /* BaseApiDAO.swift */; };
		9AF0111622C1DA5900E5220D /* String+Utilities.swift in Sources */ = {isa = PBXBuildFile; fileRef = 9AF0111522C1DA5900E5220D /* String+Utilities.swift */; };
		9AF0111822C1DB5900E5220D /* SummaryDAO.swift in Sources */ = {isa = PBXBuildFile; fileRef = 9AF0111722C1DB5900E5220D /* SummaryDAO.swift */; };
		9AF0111F22C1DE5A00E5220D /* DashboardViewController.swift in Sources */ = {isa = PBXBuildFile; fileRef = 9AF0111C22C1DE5A00E5220D /* DashboardViewController.swift */; };
		9AF0112022C1DE5A00E5220D /* DashboardPresenter.swift in Sources */ = {isa = PBXBuildFile; fileRef = 9AF0111D22C1DE5A00E5220D /* DashboardPresenter.swift */; };
		9AF0112122C1DE5A00E5220D /* Dashboard.storyboard in Resources */ = {isa = PBXBuildFile; fileRef = 9AF0111E22C1DE5A00E5220D /* Dashboard.storyboard */; };
		9AF0112322C1E93A00E5220D /* ApiDashboard.swift in Sources */ = {isa = PBXBuildFile; fileRef = 9AF0112222C1E93A00E5220D /* ApiDashboard.swift */; };
		9AF0112522C1F05300E5220D /* PropertyTypes.swift in Sources */ = {isa = PBXBuildFile; fileRef = 9AF0112422C1F05300E5220D /* PropertyTypes.swift */; };
/* End PBXBuildFile section */

/* Begin PBXContainerItemProxy section */
		9A8A862D22C1CAA800E9D2AC /* PBXContainerItemProxy */ = {
			isa = PBXContainerItemProxy;
			containerPortal = 9A8A861022C1CAA700E9D2AC /* Project object */;
			proxyType = 1;
			remoteGlobalIDString = 9A8A861722C1CAA700E9D2AC;
			remoteInfo = PropertiesApp;
		};
		9A8A863822C1CAA800E9D2AC /* PBXContainerItemProxy */ = {
			isa = PBXContainerItemProxy;
			containerPortal = 9A8A861022C1CAA700E9D2AC /* Project object */;
			proxyType = 1;
			remoteGlobalIDString = 9A8A861722C1CAA700E9D2AC;
			remoteInfo = PropertiesApp;
		};
/* End PBXContainerItemProxy section */

/* Begin PBXFileReference section */
		2B4D0B087796494A4627C535 /* Pods-PropertiesAppTests.release.xcconfig */ = {isa = PBXFileReference; includeInIndex = 1; lastKnownFileType = text.xcconfig; name = "Pods-PropertiesAppTests.release.xcconfig"; path = "Target Support Files/Pods-PropertiesAppTests/Pods-PropertiesAppTests.release.xcconfig"; sourceTree = "<group>"; };
		334264625AE83EA95CB8B257 /* Pods-PropertiesApp.debug.xcconfig */ = {isa = PBXFileReference; includeInIndex = 1; lastKnownFileType = text.xcconfig; name = "Pods-PropertiesApp.debug.xcconfig"; path = "Target Support Files/Pods-PropertiesApp/Pods-PropertiesApp.debug.xcconfig"; sourceTree = "<group>"; };
		595802C045E3678219CC8E90 /* Pods_PropertiesAppTests.framework */ = {isa = PBXFileReference; explicitFileType = wrapper.framework; includeInIndex = 0; path = Pods_PropertiesAppTests.framework; sourceTree = BUILT_PRODUCTS_DIR; };
		6255BF2A25FC3371E5E4BB8E /* Pods-PropertiesAppUITests.debug.xcconfig */ = {isa = PBXFileReference; includeInIndex = 1; lastKnownFileType = text.xcconfig; name = "Pods-PropertiesAppUITests.debug.xcconfig"; path = "Target Support Files/Pods-PropertiesAppUITests/Pods-PropertiesAppUITests.debug.xcconfig"; sourceTree = "<group>"; };
		635F97863CDB1002A791F36B /* Pods_PropertiesAppUITests.framework */ = {isa = PBXFileReference; explicitFileType = wrapper.framework; includeInIndex = 0; path = Pods_PropertiesAppUITests.framework; sourceTree = BUILT_PRODUCTS_DIR; };
		75D3DA4B213536F261405DF3 /* Pods_PropertiesApp.framework */ = {isa = PBXFileReference; explicitFileType = wrapper.framework; includeInIndex = 0; path = Pods_PropertiesApp.framework; sourceTree = BUILT_PRODUCTS_DIR; };
		792491F07B88424A77967112 /* Pods-PropertiesApp.release.xcconfig */ = {isa = PBXFileReference; includeInIndex = 1; lastKnownFileType = text.xcconfig; name = "Pods-PropertiesApp.release.xcconfig"; path = "Target Support Files/Pods-PropertiesApp/Pods-PropertiesApp.release.xcconfig"; sourceTree = "<group>"; };
		9A8A861822C1CAA700E9D2AC /* PropertiesApp.app */ = {isa = PBXFileReference; explicitFileType = wrapper.application; includeInIndex = 0; path = PropertiesApp.app; sourceTree = BUILT_PRODUCTS_DIR; };
		9A8A861B22C1CAA700E9D2AC /* AppDelegate.swift */ = {isa = PBXFileReference; lastKnownFileType = sourcecode.swift; path = AppDelegate.swift; sourceTree = "<group>"; };
		9A8A862222C1CAA800E9D2AC /* Assets.xcassets */ = {isa = PBXFileReference; lastKnownFileType = folder.assetcatalog; path = Assets.xcassets; sourceTree = "<group>"; };
		9A8A862722C1CAA800E9D2AC /* Info.plist */ = {isa = PBXFileReference; lastKnownFileType = text.plist.xml; path = Info.plist; sourceTree = "<group>"; };
		9A8A862C22C1CAA800E9D2AC /* PropertiesAppTests.xctest */ = {isa = PBXFileReference; explicitFileType = wrapper.cfbundle; includeInIndex = 0; path = PropertiesAppTests.xctest; sourceTree = BUILT_PRODUCTS_DIR; };
		9A8A863022C1CAA800E9D2AC /* PropertiesAppTests.swift */ = {isa = PBXFileReference; lastKnownFileType = sourcecode.swift; path = PropertiesAppTests.swift; sourceTree = "<group>"; };
		9A8A863222C1CAA800E9D2AC /* Info.plist */ = {isa = PBXFileReference; lastKnownFileType = text.plist.xml; path = Info.plist; sourceTree = "<group>"; };
		9A8A863722C1CAA800E9D2AC /* PropertiesAppUITests.xctest */ = {isa = PBXFileReference; explicitFileType = wrapper.cfbundle; includeInIndex = 0; path = PropertiesAppUITests.xctest; sourceTree = BUILT_PRODUCTS_DIR; };
		9A8A863B22C1CAA800E9D2AC /* PropertiesAppUITests.swift */ = {isa = PBXFileReference; lastKnownFileType = sourcecode.swift; path = PropertiesAppUITests.swift; sourceTree = "<group>"; };
		9A8A863D22C1CAA800E9D2AC /* Info.plist */ = {isa = PBXFileReference; lastKnownFileType = text.plist.xml; path = Info.plist; sourceTree = "<group>"; };
		9AF010FB22C1CD1900E5220D /* Login.storyboard */ = {isa = PBXFileReference; fileEncoding = 4; lastKnownFileType = file.storyboard; path = Login.storyboard; sourceTree = "<group>"; };
		9AF010FC22C1CD1900E5220D /* LoginViewController.swift */ = {isa = PBXFileReference; fileEncoding = 4; lastKnownFileType = sourcecode.swift; path = LoginViewController.swift; sourceTree = "<group>"; };
		9AF010FD22C1CD1900E5220D /* LoginPresenter.swift */ = {isa = PBXFileReference; fileEncoding = 4; lastKnownFileType = sourcecode.swift; path = LoginPresenter.swift; sourceTree = "<group>"; };
		9AF0110222C1CD5700E5220D /* SegueConstants.swift */ = {isa = PBXFileReference; lastKnownFileType = sourcecode.swift; path = SegueConstants.swift; sourceTree = "<group>"; };
		9AF0110422C1CDE100E5220D /* ViewController.swift */ = {isa = PBXFileReference; lastKnownFileType = sourcecode.swift; path = ViewController.swift; sourceTree = "<group>"; };
		9AF0110822C1D4C900E5220D /* ApiLogin.swift */ = {isa = PBXFileReference; lastKnownFileType = sourcecode.swift; path = ApiLogin.swift; sourceTree = "<group>"; };
		9AF0110A22C1D54900E5220D /* ApiConstants.swift */ = {isa = PBXFileReference; lastKnownFileType = sourcecode.swift; path = ApiConstants.swift; sourceTree = "<group>"; };
		9AF0110D22C1D5E200E5220D /* LoginRequestParamApi.swift */ = {isa = PBXFileReference; lastKnownFileType = sourcecode.swift; path = LoginRequestParamApi.swift; sourceTree = "<group>"; };
		9AF0110F22C1D78200E5220D /* Api.swift */ = {isa = PBXFileReference; lastKnownFileType = sourcecode.swift; path = Api.swift; sourceTree = "<group>"; };
		9AF0111222C1D9F300E5220D /* BaseApiDAO.swift */ = {isa = PBXFileReference; lastKnownFileType = sourcecode.swift; path = BaseApiDAO.swift; sourceTree = "<group>"; };
		9AF0111522C1DA5900E5220D /* String+Utilities.swift */ = {isa = PBXFileReference; lastKnownFileType = sourcecode.swift; path = "String+Utilities.swift"; sourceTree = "<group>"; };
		9AF0111722C1DB5900E5220D /* SummaryDAO.swift */ = {isa = PBXFileReference; lastKnownFileType = sourcecode.swift; path = SummaryDAO.swift; sourceTree = "<group>"; };
		9AF0111C22C1DE5A00E5220D /* DashboardViewController.swift */ = {isa = PBXFileReference; fileEncoding = 4; lastKnownFileType = sourcecode.swift; path = DashboardViewController.swift; sourceTree = "<group>"; };
		9AF0111D22C1DE5A00E5220D /* DashboardPresenter.swift */ = {isa = PBXFileReference; fileEncoding = 4; lastKnownFileType = sourcecode.swift; path = DashboardPresenter.swift; sourceTree = "<group>"; };
		9AF0111E22C1DE5A00E5220D /* Dashboard.storyboard */ = {isa = PBXFileReference; fileEncoding = 4; lastKnownFileType = file.storyboard; path = Dashboard.storyboard; sourceTree = "<group>"; };
		9AF0112222C1E93A00E5220D /* ApiDashboard.swift */ = {isa = PBXFileReference; lastKnownFileType = sourcecode.swift; path = ApiDashboard.swift; sourceTree = "<group>"; };
		9AF0112422C1F05300E5220D /* PropertyTypes.swift */ = {isa = PBXFileReference; lastKnownFileType = sourcecode.swift; path = PropertyTypes.swift; sourceTree = "<group>"; };
		D10E7E781973568E52FFE9BD /* Pods-PropertiesAppTests.debug.xcconfig */ = {isa = PBXFileReference; includeInIndex = 1; lastKnownFileType = text.xcconfig; name = "Pods-PropertiesAppTests.debug.xcconfig"; path = "Target Support Files/Pods-PropertiesAppTests/Pods-PropertiesAppTests.debug.xcconfig"; sourceTree = "<group>"; };
		D35BF58B24919BAC6D2FF56A /* Pods-PropertiesAppUITests.release.xcconfig */ = {isa = PBXFileReference; includeInIndex = 1; lastKnownFileType = text.xcconfig; name = "Pods-PropertiesAppUITests.release.xcconfig"; path = "Target Support Files/Pods-PropertiesAppUITests/Pods-PropertiesAppUITests.release.xcconfig"; sourceTree = "<group>"; };
/* End PBXFileReference section */

/* Begin PBXFrameworksBuildPhase section */
		9A8A861522C1CAA700E9D2AC /* Frameworks */ = {
			isa = PBXFrameworksBuildPhase;
			buildActionMask = 2147483647;
			files = (
				57AE9F24FD6C9D3EFA8FA46D /* Pods_PropertiesApp.framework in Frameworks */,
			);
			runOnlyForDeploymentPostprocessing = 0;
		};
		9A8A862922C1CAA800E9D2AC /* Frameworks */ = {
			isa = PBXFrameworksBuildPhase;
			buildActionMask = 2147483647;
			files = (
				508D16293E4738D56D9FA868 /* Pods_PropertiesAppTests.framework in Frameworks */,
			);
			runOnlyForDeploymentPostprocessing = 0;
		};
		9A8A863422C1CAA800E9D2AC /* Frameworks */ = {
			isa = PBXFrameworksBuildPhase;
			buildActionMask = 2147483647;
			files = (
				3607C5AEF4AAEBD9C0C7EFE7 /* Pods_PropertiesAppUITests.framework in Frameworks */,
			);
			runOnlyForDeploymentPostprocessing = 0;
		};
/* End PBXFrameworksBuildPhase section */

/* Begin PBXGroup section */
		1394215451B55AABB0AA8808 /* Pods */ = {
			isa = PBXGroup;
			children = (
				334264625AE83EA95CB8B257 /* Pods-PropertiesApp.debug.xcconfig */,
				792491F07B88424A77967112 /* Pods-PropertiesApp.release.xcconfig */,
				D10E7E781973568E52FFE9BD /* Pods-PropertiesAppTests.debug.xcconfig */,
				2B4D0B087796494A4627C535 /* Pods-PropertiesAppTests.release.xcconfig */,
				6255BF2A25FC3371E5E4BB8E /* Pods-PropertiesAppUITests.debug.xcconfig */,
				D35BF58B24919BAC6D2FF56A /* Pods-PropertiesAppUITests.release.xcconfig */,
			);
			path = Pods;
			sourceTree = "<group>";
		};
		69BA0F44EC2D4CDDD060C137 /* Frameworks */ = {
			isa = PBXGroup;
			children = (
				75D3DA4B213536F261405DF3 /* Pods_PropertiesApp.framework */,
				595802C045E3678219CC8E90 /* Pods_PropertiesAppTests.framework */,
				635F97863CDB1002A791F36B /* Pods_PropertiesAppUITests.framework */,
			);
			name = Frameworks;
			sourceTree = "<group>";
		};
		9A8A860F22C1CAA700E9D2AC = {
			isa = PBXGroup;
			children = (
				9A8A861A22C1CAA700E9D2AC /* PropertiesApp */,
				9A8A862F22C1CAA800E9D2AC /* PropertiesAppTests */,
				9A8A863A22C1CAA800E9D2AC /* PropertiesAppUITests */,
				9A8A861922C1CAA700E9D2AC /* Products */,
				1394215451B55AABB0AA8808 /* Pods */,
				69BA0F44EC2D4CDDD060C137 /* Frameworks */,
			);
			sourceTree = "<group>";
		};
		9A8A861922C1CAA700E9D2AC /* Products */ = {
			isa = PBXGroup;
			children = (
				9A8A861822C1CAA700E9D2AC /* PropertiesApp.app */,
				9A8A862C22C1CAA800E9D2AC /* PropertiesAppTests.xctest */,
				9A8A863722C1CAA800E9D2AC /* PropertiesAppUITests.xctest */,
			);
			name = Products;
			sourceTree = "<group>";
		};
		9A8A861A22C1CAA700E9D2AC /* PropertiesApp */ = {
			isa = PBXGroup;
			children = (
				9AF0111422C1DA4600E5220D /* Extensions */,
				9AF0111122C1D9B500E5220D /* DAO */,
				9AF0110C22C1D5C000E5220D /* Model */,
				9AF0110722C1D4BD00E5220D /* Api's */,
				9AF0110122C1CD3400E5220D /* Constant */,
				9AF0110622C1D45E00E5220D /* Modules */,
				9A8A861B22C1CAA700E9D2AC /* AppDelegate.swift */,
				9A8A864922C1CBC600E9D2AC /* SupportFiles */,
			);
			path = PropertiesApp;
			sourceTree = "<group>";
		};
		9A8A862F22C1CAA800E9D2AC /* PropertiesAppTests */ = {
			isa = PBXGroup;
			children = (
				9A8A863022C1CAA800E9D2AC /* PropertiesAppTests.swift */,
				9A8A863222C1CAA800E9D2AC /* Info.plist */,
			);
			path = PropertiesAppTests;
			sourceTree = "<group>";
		};
		9A8A863A22C1CAA800E9D2AC /* PropertiesAppUITests */ = {
			isa = PBXGroup;
			children = (
				9A8A863B22C1CAA800E9D2AC /* PropertiesAppUITests.swift */,
				9A8A863D22C1CAA800E9D2AC /* Info.plist */,
			);
			path = PropertiesAppUITests;
			sourceTree = "<group>";
		};
		9A8A864922C1CBC600E9D2AC /* SupportFiles */ = {
			isa = PBXGroup;
			children = (
				9A8A862222C1CAA800E9D2AC /* Assets.xcassets */,
				9A8A862722C1CAA800E9D2AC /* Info.plist */,
				9AF0110422C1CDE100E5220D /* ViewController.swift */,
			);
			path = SupportFiles;
			sourceTree = "<group>";
		};
		9AF010FA22C1CD1900E5220D /* Login */ = {
			isa = PBXGroup;
			children = (
				9AF010FB22C1CD1900E5220D /* Login.storyboard */,
				9AF010FC22C1CD1900E5220D /* LoginViewController.swift */,
				9AF010FD22C1CD1900E5220D /* LoginPresenter.swift */,
			);
			path = Login;
			sourceTree = "<group>";
		};
		9AF0110122C1CD3400E5220D /* Constant */ = {
			isa = PBXGroup;
			children = (
				9AF0110222C1CD5700E5220D /* SegueConstants.swift */,
				9AF0110A22C1D54900E5220D /* ApiConstants.swift */,
			);
			path = Constant;
			sourceTree = "<group>";
		};
		9AF0110622C1D45E00E5220D /* Modules */ = {
			isa = PBXGroup;
			children = (
				9AF0111B22C1DE5A00E5220D /* Dashboard */,
				9AF010FA22C1CD1900E5220D /* Login */,
			);
			path = Modules;
			sourceTree = "<group>";
		};
		9AF0110722C1D4BD00E5220D /* Api's */ = {
			isa = PBXGroup;
			children = (
				9AF0110822C1D4C900E5220D /* ApiLogin.swift */,
				9AF0110F22C1D78200E5220D /* Api.swift */,
				9AF0112222C1E93A00E5220D /* ApiDashboard.swift */,
			);
			path = "Api's";
			sourceTree = "<group>";
		};
		9AF0110C22C1D5C000E5220D /* Model */ = {
			isa = PBXGroup;
			children = (
				9AF0110D22C1D5E200E5220D /* LoginRequestParamApi.swift */,
				9AF0112422C1F05300E5220D /* PropertyTypes.swift */,
			);
			path = Model;
			sourceTree = "<group>";
		};
		9AF0111122C1D9B500E5220D /* DAO */ = {
			isa = PBXGroup;
			children = (
				9AF0111222C1D9F300E5220D /* BaseApiDAO.swift */,
				9AF0111722C1DB5900E5220D /* SummaryDAO.swift */,
			);
			path = DAO;
			sourceTree = "<group>";
		};
		9AF0111422C1DA4600E5220D /* Extensions */ = {
			isa = PBXGroup;
			children = (
				9AF0111522C1DA5900E5220D /* String+Utilities.swift */,
			);
			path = Extensions;
			sourceTree = "<group>";
		};
		9AF0111B22C1DE5A00E5220D /* Dashboard */ = {
			isa = PBXGroup;
			children = (
				9AF0111C22C1DE5A00E5220D /* DashboardViewController.swift */,
				9AF0111D22C1DE5A00E5220D /* DashboardPresenter.swift */,
				9AF0111E22C1DE5A00E5220D /* Dashboard.storyboard */,
			);
			path = Dashboard;
			sourceTree = "<group>";
		};
/* End PBXGroup section */

/* Begin PBXNativeTarget section */
		9A8A861722C1CAA700E9D2AC /* PropertiesApp */ = {
			isa = PBXNativeTarget;
			buildConfigurationList = 9A8A864022C1CAA800E9D2AC /* Build configuration list for PBXNativeTarget "PropertiesApp" */;
			buildPhases = (
				E88B9187F9D775E630A197B0 /* [CP] Check Pods Manifest.lock */,
				9A8A861422C1CAA700E9D2AC /* Sources */,
				9A8A861522C1CAA700E9D2AC /* Frameworks */,
				9A8A861622C1CAA700E9D2AC /* Resources */,
				BA94753E7D79B13BD5286883 /* [CP] Embed Pods Frameworks */,
			);
			buildRules = (
			);
			dependencies = (
			);
			name = PropertiesApp;
			productName = PropertiesApp;
			productReference = 9A8A861822C1CAA700E9D2AC /* PropertiesApp.app */;
			productType = "com.apple.product-type.application";
		};
		9A8A862B22C1CAA800E9D2AC /* PropertiesAppTests */ = {
			isa = PBXNativeTarget;
			buildConfigurationList = 9A8A864322C1CAA800E9D2AC /* Build configuration list for PBXNativeTarget "PropertiesAppTests" */;
			buildPhases = (
				645F31DFA158A82FB4B65BE1 /* [CP] Check Pods Manifest.lock */,
				9A8A862822C1CAA800E9D2AC /* Sources */,
				9A8A862922C1CAA800E9D2AC /* Frameworks */,
				9A8A862A22C1CAA800E9D2AC /* Resources */,
			);
			buildRules = (
			);
			dependencies = (
				9A8A862E22C1CAA800E9D2AC /* PBXTargetDependency */,
			);
			name = PropertiesAppTests;
			productName = PropertiesAppTests;
			productReference = 9A8A862C22C1CAA800E9D2AC /* PropertiesAppTests.xctest */;
			productType = "com.apple.product-type.bundle.unit-test";
		};
		9A8A863622C1CAA800E9D2AC /* PropertiesAppUITests */ = {
			isa = PBXNativeTarget;
			buildConfigurationList = 9A8A864622C1CAA800E9D2AC /* Build configuration list for PBXNativeTarget "PropertiesAppUITests" */;
			buildPhases = (
				36776C871BD8E5DE54B0C09B /* [CP] Check Pods Manifest.lock */,
				9A8A863322C1CAA800E9D2AC /* Sources */,
				9A8A863422C1CAA800E9D2AC /* Frameworks */,
				9A8A863522C1CAA800E9D2AC /* Resources */,
			);
			buildRules = (
			);
			dependencies = (
				9A8A863922C1CAA800E9D2AC /* PBXTargetDependency */,
			);
			name = PropertiesAppUITests;
			productName = PropertiesAppUITests;
			productReference = 9A8A863722C1CAA800E9D2AC /* PropertiesAppUITests.xctest */;
			productType = "com.apple.product-type.bundle.ui-testing";
		};
/* End PBXNativeTarget section */

/* Begin PBXProject section */
		9A8A861022C1CAA700E9D2AC /* Project object */ = {
			isa = PBXProject;
			attributes = {
				LastSwiftUpdateCheck = 1010;
				LastUpgradeCheck = 1010;
				ORGANIZATIONNAME = "Apit Gilang Aprida";
				TargetAttributes = {
					9A8A861722C1CAA700E9D2AC = {
						CreatedOnToolsVersion = 10.1;
					};
					9A8A862B22C1CAA800E9D2AC = {
						CreatedOnToolsVersion = 10.1;
						TestTargetID = 9A8A861722C1CAA700E9D2AC;
					};
					9A8A863622C1CAA800E9D2AC = {
						CreatedOnToolsVersion = 10.1;
						TestTargetID = 9A8A861722C1CAA700E9D2AC;
					};
				};
			};
			buildConfigurationList = 9A8A861322C1CAA700E9D2AC /* Build configuration list for PBXProject "PropertiesApp" */;
			compatibilityVersion = "Xcode 9.3";
			developmentRegion = en;
			hasScannedForEncodings = 0;
			knownRegions = (
				en,
				Base,
			);
			mainGroup = 9A8A860F22C1CAA700E9D2AC;
			productRefGroup = 9A8A861922C1CAA700E9D2AC /* Products */;
			projectDirPath = "";
			projectRoot = "";
			targets = (
				9A8A861722C1CAA700E9D2AC /* PropertiesApp */,
				9A8A862B22C1CAA800E9D2AC /* PropertiesAppTests */,
				9A8A863622C1CAA800E9D2AC /* PropertiesAppUITests */,
			);
		};
/* End PBXProject section */

/* Begin PBXResourcesBuildPhase section */
		9A8A861622C1CAA700E9D2AC /* Resources */ = {
			isa = PBXResourcesBuildPhase;
			buildActionMask = 2147483647;
			files = (
				9AF010FE22C1CD1900E5220D /* Login.storyboard in Resources */,
				9AF0112122C1DE5A00E5220D /* Dashboard.storyboard in Resources */,
				9A8A862322C1CAA800E9D2AC /* Assets.xcassets in Resources */,
			);
			runOnlyForDeploymentPostprocessing = 0;
		};
		9A8A862A22C1CAA800E9D2AC /* Resources */ = {
			isa = PBXResourcesBuildPhase;
			buildActionMask = 2147483647;
			files = (
			);
			runOnlyForDeploymentPostprocessing = 0;
		};
		9A8A863522C1CAA800E9D2AC /* Resources */ = {
			isa = PBXResourcesBuildPhase;
			buildActionMask = 2147483647;
			files = (
			);
			runOnlyForDeploymentPostprocessing = 0;
		};
/* End PBXResourcesBuildPhase section */

/* Begin PBXShellScriptBuildPhase section */
		36776C871BD8E5DE54B0C09B /* [CP] Check Pods Manifest.lock */ = {
			isa = PBXShellScriptBuildPhase;
			buildActionMask = 2147483647;
			files = (
			);
			inputFileListPaths = (
			);
			inputPaths = (
				"${PODS_PODFILE_DIR_PATH}/Podfile.lock",
				"${PODS_ROOT}/Manifest.lock",
			);
			name = "[CP] Check Pods Manifest.lock";
			outputFileListPaths = (
			);
			outputPaths = (
				"$(DERIVED_FILE_DIR)/Pods-PropertiesAppUITests-checkManifestLockResult.txt",
			);
			runOnlyForDeploymentPostprocessing = 0;
			shellPath = /bin/sh;
			shellScript = "diff \"${PODS_PODFILE_DIR_PATH}/Podfile.lock\" \"${PODS_ROOT}/Manifest.lock\" > /dev/null\nif [ $? != 0 ] ; then\n    # print error to STDERR\n    echo \"error: The sandbox is not in sync with the Podfile.lock. Run 'pod install' or update your CocoaPods installation.\" >&2\n    exit 1\nfi\n# This output is used by Xcode 'outputs' to avoid re-running this script phase.\necho \"SUCCESS\" > \"${SCRIPT_OUTPUT_FILE_0}\"\n";
			showEnvVarsInLog = 0;
		};
		645F31DFA158A82FB4B65BE1 /* [CP] Check Pods Manifest.lock */ = {
			isa = PBXShellScriptBuildPhase;
			buildActionMask = 2147483647;
			files = (
			);
			inputFileListPaths = (
			);
			inputPaths = (
				"${PODS_PODFILE_DIR_PATH}/Podfile.lock",
				"${PODS_ROOT}/Manifest.lock",
			);
			name = "[CP] Check Pods Manifest.lock";
			outputFileListPaths = (
			);
			outputPaths = (
				"$(DERIVED_FILE_DIR)/Pods-PropertiesAppTests-checkManifestLockResult.txt",
			);
			runOnlyForDeploymentPostprocessing = 0;
			shellPath = /bin/sh;
			shellScript = "diff \"${PODS_PODFILE_DIR_PATH}/Podfile.lock\" \"${PODS_ROOT}/Manifest.lock\" > /dev/null\nif [ $? != 0 ] ; then\n    # print error to STDERR\n    echo \"error: The sandbox is not in sync with the Podfile.lock. Run 'pod install' or update your CocoaPods installation.\" >&2\n    exit 1\nfi\n# This output is used by Xcode 'outputs' to avoid re-running this script phase.\necho \"SUCCESS\" > \"${SCRIPT_OUTPUT_FILE_0}\"\n";
			showEnvVarsInLog = 0;
		};
		BA94753E7D79B13BD5286883 /* [CP] Embed Pods Frameworks */ = {
			isa = PBXShellScriptBuildPhase;
			buildActionMask = 2147483647;
			files = (
			);
			inputFileListPaths = (
			);
			inputPaths = (
				"${PODS_ROOT}/Target Support Files/Pods-PropertiesApp/Pods-PropertiesApp-frameworks.sh",
				"${BUILT_PRODUCTS_DIR}/Alamofire/Alamofire.framework",
				"${BUILT_PRODUCTS_DIR}/ReachabilitySwift/Reachability.framework",
				"${BUILT_PRODUCTS_DIR}/SwiftyJSON/SwiftyJSON.framework",
			);
			name = "[CP] Embed Pods Frameworks";
			outputFileListPaths = (
			);
			outputPaths = (
				"${TARGET_BUILD_DIR}/${FRAMEWORKS_FOLDER_PATH}/Alamofire.framework",
				"${TARGET_BUILD_DIR}/${FRAMEWORKS_FOLDER_PATH}/Reachability.framework",
				"${TARGET_BUILD_DIR}/${FRAMEWORKS_FOLDER_PATH}/SwiftyJSON.framework",
			);
			runOnlyForDeploymentPostprocessing = 0;
			shellPath = /bin/sh;
			shellScript = "\"${PODS_ROOT}/Target Support Files/Pods-PropertiesApp/Pods-PropertiesApp-frameworks.sh\"\n";
			showEnvVarsInLog = 0;
		};
		E88B9187F9D775E630A197B0 /* [CP] Check Pods Manifest.lock */ = {
			isa = PBXShellScriptBuildPhase;
			buildActionMask = 2147483647;
			files = (
			);
			inputFileListPaths = (
			);
			inputPaths = (
				"${PODS_PODFILE_DIR_PATH}/Podfile.lock",
				"${PODS_ROOT}/Manifest.lock",
			);
			name = "[CP] Check Pods Manifest.lock";
			outputFileListPaths = (
			);
			outputPaths = (
				"$(DERIVED_FILE_DIR)/Pods-PropertiesApp-checkManifestLockResult.txt",
			);
			runOnlyForDeploymentPostprocessing = 0;
			shellPath = /bin/sh;
			shellScript = "diff \"${PODS_PODFILE_DIR_PATH}/Podfile.lock\" \"${PODS_ROOT}/Manifest.lock\" > /dev/null\nif [ $? != 0 ] ; then\n    # print error to STDERR\n    echo \"error: The sandbox is not in sync with the Podfile.lock. Run 'pod install' or update your CocoaPods installation.\" >&2\n    exit 1\nfi\n# This output is used by Xcode 'outputs' to avoid re-running this script phase.\necho \"SUCCESS\" > \"${SCRIPT_OUTPUT_FILE_0}\"\n";
			showEnvVarsInLog = 0;
		};
/* End PBXShellScriptBuildPhase section */

/* Begin PBXSourcesBuildPhase section */
		9A8A861422C1CAA700E9D2AC /* Sources */ = {
			isa = PBXSourcesBuildPhase;
			buildActionMask = 2147483647;
			files = (
				9AF0111322C1D9F300E5220D /* BaseApiDAO.swift in Sources */,
				9AF0111822C1DB5900E5220D /* SummaryDAO.swift in Sources */,
				9AF0111022C1D78200E5220D /* Api.swift in Sources */,
				9AF0110B22C1D54900E5220D /* ApiConstants.swift in Sources */,
				9AF0110522C1CDE100E5220D /* ViewController.swift in Sources */,
				9AF0110E22C1D5E200E5220D /* LoginRequestParamApi.swift in Sources */,
				9AF0112322C1E93A00E5220D /* ApiDashboard.swift in Sources */,
				9AF0111622C1DA5900E5220D /* String+Utilities.swift in Sources */,
				9AF0112522C1F05300E5220D /* PropertyTypes.swift in Sources */,
				9AF0111F22C1DE5A00E5220D /* DashboardViewController.swift in Sources */,
				9AF0110022C1CD1900E5220D /* LoginPresenter.swift in Sources */,
				9AF0110922C1D4C900E5220D /* ApiLogin.swift in Sources */,
				9AF0110322C1CD5700E5220D /* SegueConstants.swift in Sources */,
				9AF0112022C1DE5A00E5220D /* DashboardPresenter.swift in Sources */,
				9AF010FF22C1CD1900E5220D /* LoginViewController.swift in Sources */,
				9A8A861C22C1CAA700E9D2AC /* AppDelegate.swift in Sources */,
			);
			runOnlyForDeploymentPostprocessing = 0;
		};
		9A8A862822C1CAA800E9D2AC /* Sources */ = {
			isa = PBXSourcesBuildPhase;
			buildActionMask = 2147483647;
			files = (
				9A8A863122C1CAA800E9D2AC /* PropertiesAppTests.swift in Sources */,
			);
			runOnlyForDeploymentPostprocessing = 0;
		};
		9A8A863322C1CAA800E9D2AC /* Sources */ = {
			isa = PBXSourcesBuildPhase;
			buildActionMask = 2147483647;
			files = (
				9A8A863C22C1CAA800E9D2AC /* PropertiesAppUITests.swift in Sources */,
			);
			runOnlyForDeploymentPostprocessing = 0;
		};
/* End PBXSourcesBuildPhase section */

/* Begin PBXTargetDependency section */
		9A8A862E22C1CAA800E9D2AC /* PBXTargetDependency */ = {
			isa = PBXTargetDependency;
			target = 9A8A861722C1CAA700E9D2AC /* PropertiesApp */;
			targetProxy = 9A8A862D22C1CAA800E9D2AC /* PBXContainerItemProxy */;
		};
		9A8A863922C1CAA800E9D2AC /* PBXTargetDependency */ = {
			isa = PBXTargetDependency;
			target = 9A8A861722C1CAA700E9D2AC /* PropertiesApp */;
			targetProxy = 9A8A863822C1CAA800E9D2AC /* PBXContainerItemProxy */;
		};
/* End PBXTargetDependency section */

/* Begin XCBuildConfiguration section */
		9A8A863E22C1CAA800E9D2AC /* Debug */ = {
			isa = XCBuildConfiguration;
			buildSettings = {
				ALWAYS_SEARCH_USER_PATHS = NO;
				CLANG_ANALYZER_NONNULL = YES;
				CLANG_ANALYZER_NUMBER_OBJECT_CONVERSION = YES_AGGRESSIVE;
				CLANG_CXX_LANGUAGE_STANDARD = "gnu++14";
				CLANG_CXX_LIBRARY = "libc++";
				CLANG_ENABLE_MODULES = YES;
				CLANG_ENABLE_OBJC_ARC = YES;
				CLANG_ENABLE_OBJC_WEAK = YES;
				CLANG_WARN_BLOCK_CAPTURE_AUTORELEASING = YES;
				CLANG_WARN_BOOL_CONVERSION = YES;
				CLANG_WARN_COMMA = YES;
				CLANG_WARN_CONSTANT_CONVERSION = YES;
				CLANG_WARN_DEPRECATED_OBJC_IMPLEMENTATIONS = YES;
				CLANG_WARN_DIRECT_OBJC_ISA_USAGE = YES_ERROR;
				CLANG_WARN_DOCUMENTATION_COMMENTS = YES;
				CLANG_WARN_EMPTY_BODY = YES;
				CLANG_WARN_ENUM_CONVERSION = YES;
				CLANG_WARN_INFINITE_RECURSION = YES;
				CLANG_WARN_INT_CONVERSION = YES;
				CLANG_WARN_NON_LITERAL_NULL_CONVERSION = YES;
				CLANG_WARN_OBJC_IMPLICIT_RETAIN_SELF = YES;
				CLANG_WARN_OBJC_LITERAL_CONVERSION = YES;
				CLANG_WARN_OBJC_ROOT_CLASS = YES_ERROR;
				CLANG_WARN_RANGE_LOOP_ANALYSIS = YES;
				CLANG_WARN_STRICT_PROTOTYPES = YES;
				CLANG_WARN_SUSPICIOUS_MOVE = YES;
				CLANG_WARN_UNGUARDED_AVAILABILITY = YES_AGGRESSIVE;
				CLANG_WARN_UNREACHABLE_CODE = YES;
				CLANG_WARN__DUPLICATE_METHOD_MATCH = YES;
				CODE_SIGN_IDENTITY = "iPhone Developer";
				COPY_PHASE_STRIP = NO;
				DEBUG_INFORMATION_FORMAT = dwarf;
				ENABLE_STRICT_OBJC_MSGSEND = YES;
				ENABLE_TESTABILITY = YES;
				GCC_C_LANGUAGE_STANDARD = gnu11;
				GCC_DYNAMIC_NO_PIC = NO;
				GCC_NO_COMMON_BLOCKS = YES;
				GCC_OPTIMIZATION_LEVEL = 0;
				GCC_PREPROCESSOR_DEFINITIONS = (
					"DEBUG=1",
					"$(inherited)",
				);
				GCC_WARN_64_TO_32_BIT_CONVERSION = YES;
				GCC_WARN_ABOUT_RETURN_TYPE = YES_ERROR;
				GCC_WARN_UNDECLARED_SELECTOR = YES;
				GCC_WARN_UNINITIALIZED_AUTOS = YES_AGGRESSIVE;
				GCC_WARN_UNUSED_FUNCTION = YES;
				GCC_WARN_UNUSED_VARIABLE = YES;
				IPHONEOS_DEPLOYMENT_TARGET = 12.1;
				MTL_ENABLE_DEBUG_INFO = INCLUDE_SOURCE;
				MTL_FAST_MATH = YES;
				ONLY_ACTIVE_ARCH = YES;
				SDKROOT = iphoneos;
				SWIFT_ACTIVE_COMPILATION_CONDITIONS = DEBUG;
				SWIFT_OPTIMIZATION_LEVEL = "-Onone";
			};
			name = Debug;
		};
		9A8A863F22C1CAA800E9D2AC /* Release */ = {
			isa = XCBuildConfiguration;
			buildSettings = {
				ALWAYS_SEARCH_USER_PATHS = NO;
				CLANG_ANALYZER_NONNULL = YES;
				CLANG_ANALYZER_NUMBER_OBJECT_CONVERSION = YES_AGGRESSIVE;
				CLANG_CXX_LANGUAGE_STANDARD = "gnu++14";
				CLANG_CXX_LIBRARY = "libc++";
				CLANG_ENABLE_MODULES = YES;
				CLANG_ENABLE_OBJC_ARC = YES;
				CLANG_ENABLE_OBJC_WEAK = YES;
				CLANG_WARN_BLOCK_CAPTURE_AUTORELEASING = YES;
				CLANG_WARN_BOOL_CONVERSION = YES;
				CLANG_WARN_COMMA = YES;
				CLANG_WARN_CONSTANT_CONVERSION = YES;
				CLANG_WARN_DEPRECATED_OBJC_IMPLEMENTATIONS = YES;
				CLANG_WARN_DIRECT_OBJC_ISA_USAGE = YES_ERROR;
				CLANG_WARN_DOCUMENTATION_COMMENTS = YES;
				CLANG_WARN_EMPTY_BODY = YES;
				CLANG_WARN_ENUM_CONVERSION = YES;
				CLANG_WARN_INFINITE_RECURSION = YES;
				CLANG_WARN_INT_CONVERSION = YES;
				CLANG_WARN_NON_LITERAL_NULL_CONVERSION = YES;
				CLANG_WARN_OBJC_IMPLICIT_RETAIN_SELF = YES;
				CLANG_WARN_OBJC_LITERAL_CONVERSION = YES;
				CLANG_WARN_OBJC_ROOT_CLASS = YES_ERROR;
				CLANG_WARN_RANGE_LOOP_ANALYSIS = YES;
				CLANG_WARN_STRICT_PROTOTYPES = YES;
				CLANG_WARN_SUSPICIOUS_MOVE = YES;
				CLANG_WARN_UNGUARDED_AVAILABILITY = YES_AGGRESSIVE;
				CLANG_WARN_UNREACHABLE_CODE = YES;
				CLANG_WARN__DUPLICATE_METHOD_MATCH = YES;
				CODE_SIGN_IDENTITY = "iPhone Developer";
				COPY_PHASE_STRIP = NO;
				DEBUG_INFORMATION_FORMAT = "dwarf-with-dsym";
				ENABLE_NS_ASSERTIONS = NO;
				ENABLE_STRICT_OBJC_MSGSEND = YES;
				GCC_C_LANGUAGE_STANDARD = gnu11;
				GCC_NO_COMMON_BLOCKS = YES;
				GCC_WARN_64_TO_32_BIT_CONVERSION = YES;
				GCC_WARN_ABOUT_RETURN_TYPE = YES_ERROR;
				GCC_WARN_UNDECLARED_SELECTOR = YES;
				GCC_WARN_UNINITIALIZED_AUTOS = YES_AGGRESSIVE;
				GCC_WARN_UNUSED_FUNCTION = YES;
				GCC_WARN_UNUSED_VARIABLE = YES;
				IPHONEOS_DEPLOYMENT_TARGET = 12.1;
				MTL_ENABLE_DEBUG_INFO = NO;
				MTL_FAST_MATH = YES;
				SDKROOT = iphoneos;
				SWIFT_COMPILATION_MODE = wholemodule;
				SWIFT_OPTIMIZATION_LEVEL = "-O";
				VALIDATE_PRODUCT = YES;
			};
			name = Release;
		};
		9A8A864122C1CAA800E9D2AC /* Debug */ = {
			isa = XCBuildConfiguration;
			baseConfigurationReference = 334264625AE83EA95CB8B257 /* Pods-PropertiesApp.debug.xcconfig */;
			buildSettings = {
				ASSETCATALOG_COMPILER_APPICON_NAME = AppIcon;
				CODE_SIGN_STYLE = Automatic;
				INFOPLIST_FILE = PropertiesApp/SupportFiles/Info.plist;
				LD_RUNPATH_SEARCH_PATHS = (
					"$(inherited)",
					"@executable_path/Frameworks",
				);
				PRODUCT_BUNDLE_IDENTIFIER = com.apit.PropertiesApp;
				PRODUCT_NAME = "$(TARGET_NAME)";
				SWIFT_VERSION = 4.2;
				TARGETED_DEVICE_FAMILY = "1,2";
			};
			name = Debug;
		};
		9A8A864222C1CAA800E9D2AC /* Release */ = {
			isa = XCBuildConfiguration;
			baseConfigurationReference = 792491F07B88424A77967112 /* Pods-PropertiesApp.release.xcconfig */;
			buildSettings = {
				ASSETCATALOG_COMPILER_APPICON_NAME = AppIcon;
				CODE_SIGN_STYLE = Automatic;
				INFOPLIST_FILE = PropertiesApp/SupportFiles/Info.plist;
				LD_RUNPATH_SEARCH_PATHS = (
					"$(inherited)",
					"@executable_path/Frameworks",
				);
				PRODUCT_BUNDLE_IDENTIFIER = com.apit.PropertiesApp;
				PRODUCT_NAME = "$(TARGET_NAME)";
				SWIFT_VERSION = 4.2;
				TARGETED_DEVICE_FAMILY = "1,2";
			};
			name = Release;
		};
		9A8A864422C1CAA800E9D2AC /* Debug */ = {
			isa = XCBuildConfiguration;
			baseConfigurationReference = D10E7E781973568E52FFE9BD /* Pods-PropertiesAppTests.debug.xcconfig */;
			buildSettings = {
				ALWAYS_EMBED_SWIFT_STANDARD_LIBRARIES = YES;
				BUNDLE_LOADER = "$(TEST_HOST)";
				CODE_SIGN_STYLE = Automatic;
				INFOPLIST_FILE = PropertiesAppTests/Info.plist;
				LD_RUNPATH_SEARCH_PATHS = (
					"$(inherited)",
					"@executable_path/Frameworks",
					"@loader_path/Frameworks",
				);
				PRODUCT_BUNDLE_IDENTIFIER = com.apit.PropertiesAppTests;
				PRODUCT_NAME = "$(TARGET_NAME)";
				SWIFT_VERSION = 4.2;
				TARGETED_DEVICE_FAMILY = "1,2";
				TEST_HOST = "$(BUILT_PRODUCTS_DIR)/PropertiesApp.app/PropertiesApp";
			};
			name = Debug;
		};
		9A8A864522C1CAA800E9D2AC /* Release */ = {
			isa = XCBuildConfiguration;
			baseConfigurationReference = 2B4D0B087796494A4627C535 /* Pods-PropertiesAppTests.release.xcconfig */;
			buildSettings = {
				ALWAYS_EMBED_SWIFT_STANDARD_LIBRARIES = YES;
				BUNDLE_LOADER = "$(TEST_HOST)";
				CODE_SIGN_STYLE = Automatic;
				INFOPLIST_FILE = PropertiesAppTests/Info.plist;
				LD_RUNPATH_SEARCH_PATHS = (
					"$(inherited)",
					"@executable_path/Frameworks",
					"@loader_path/Frameworks",
				);
				PRODUCT_BUNDLE_IDENTIFIER = com.apit.PropertiesAppTests;
				PRODUCT_NAME = "$(TARGET_NAME)";
				SWIFT_VERSION = 4.2;
				TARGETED_DEVICE_FAMILY = "1,2";
				TEST_HOST = "$(BUILT_PRODUCTS_DIR)/PropertiesApp.app/PropertiesApp";
			};
			name = Release;
		};
		9A8A864722C1CAA800E9D2AC /* Debug */ = {
			isa = XCBuildConfiguration;
			baseConfigurationReference = 6255BF2A25FC3371E5E4BB8E /* Pods-PropertiesAppUITests.debug.xcconfig */;
			buildSettings = {
				ALWAYS_EMBED_SWIFT_STANDARD_LIBRARIES = YES;
				CODE_SIGN_STYLE = Automatic;
				INFOPLIST_FILE = PropertiesAppUITests/Info.plist;
				LD_RUNPATH_SEARCH_PATHS = (
					"$(inherited)",
					"@executable_path/Frameworks",
					"@loader_path/Frameworks",
				);
				PRODUCT_BUNDLE_IDENTIFIER = com.apit.PropertiesAppUITests;
				PRODUCT_NAME = "$(TARGET_NAME)";
				SWIFT_VERSION = 4.2;
				TARGETED_DEVICE_FAMILY = "1,2";
				TEST_TARGET_NAME = PropertiesApp;
			};
			name = Debug;
		};
		9A8A864822C1CAA800E9D2AC /* Release */ = {
			isa = XCBuildConfiguration;
			baseConfigurationReference = D35BF58B24919BAC6D2FF56A /* Pods-PropertiesAppUITests.release.xcconfig */;
			buildSettings = {
				ALWAYS_EMBED_SWIFT_STANDARD_LIBRARIES = YES;
				CODE_SIGN_STYLE = Automatic;
				INFOPLIST_FILE = PropertiesAppUITests/Info.plist;
				LD_RUNPATH_SEARCH_PATHS = (
					"$(inherited)",
					"@executable_path/Frameworks",
					"@loader_path/Frameworks",
				);
				PRODUCT_BUNDLE_IDENTIFIER = com.apit.PropertiesAppUITests;
				PRODUCT_NAME = "$(TARGET_NAME)";
				SWIFT_VERSION = 4.2;
				TARGETED_DEVICE_FAMILY = "1,2";
				TEST_TARGET_NAME = PropertiesApp;
			};
			name = Release;
		};
/* End XCBuildConfiguration section */

/* Begin XCConfigurationList section */
		9A8A861322C1CAA700E9D2AC /* Build configuration list for PBXProject "PropertiesApp" */ = {
			isa = XCConfigurationList;
			buildConfigurations = (
				9A8A863E22C1CAA800E9D2AC /* Debug */,
				9A8A863F22C1CAA800E9D2AC /* Release */,
			);
			defaultConfigurationIsVisible = 0;
			defaultConfigurationName = Release;
		};
		9A8A864022C1CAA800E9D2AC /* Build configuration list for PBXNativeTarget "PropertiesApp" */ = {
			isa = XCConfigurationList;
			buildConfigurations = (
				9A8A864122C1CAA800E9D2AC /* Debug */,
				9A8A864222C1CAA800E9D2AC /* Release */,
			);
			defaultConfigurationIsVisible = 0;
			defaultConfigurationName = Release;
		};
		9A8A864322C1CAA800E9D2AC /* Build configuration list for PBXNativeTarget "PropertiesAppTests" */ = {
			isa = XCConfigurationList;
			buildConfigurations = (
				9A8A864422C1CAA800E9D2AC /* Debug */,
				9A8A864522C1CAA800E9D2AC /* Release */,
			);
			defaultConfigurationIsVisible = 0;
			defaultConfigurationName = Release;
		};
		9A8A864622C1CAA800E9D2AC /* Build configuration list for PBXNativeTarget "PropertiesAppUITests" */ = {
			isa = XCConfigurationList;
			buildConfigurations = (
				9A8A864722C1CAA800E9D2AC /* Debug */,
				9A8A864822C1CAA800E9D2AC /* Release */,
			);
			defaultConfigurationIsVisible = 0;
			defaultConfigurationName = Release;
		};
/* End XCConfigurationList section */
	};
	rootObject = 9A8A861022C1CAA700E9D2AC /* Project object */;
}
